{
  "object": {
    "pins": [
      {
        "package": "Socket",
        "repositoryURL": "https://github.com/IBM-Swift/BlueSocket.git",
        "state": {
          "branch": null,
          "revision": "c46a3d41f5b2401d18bcb46d0101cdc5cd13e307",
          "version": "1.0.52"
        }
      },
      {
        "package": "SSLService",
        "repositoryURL": "https://github.com/IBM-Swift/BlueSSLService.git",
        "state": {
          "branch": null,
          "revision": "ab2c2aa2fe574969f391c80ee87746be431dee0e",
          "version": "1.0.52"
        }
      },
      {
        "package": "Kitura",
        "repositoryURL": "https://github.com/IBM-Swift/Kitura",
        "state": {
          "branch": null,
          "revision": "bbb7462ac3d422cad4480a57ddbd33263c381a7b",
          "version": "2.9.1"
        }
      },
      {
        "package": "KituraCORS",
        "repositoryURL": "https://github.com/IBM-Swift/Kitura-CORS",
        "state": {
          "branch": null,
          "revision": "1d365a17dd609339b3e9a8df67bbae6d7a35d039",
          "version": "2.1.1"
        }
      },
      {
        "package": "Kitura-net",
        "repositoryURL": "https://github.com/IBM-Swift/Kitura-net",
        "state": {
          "branch": null,
          "revision": "00985729329b73f3e20e40ec43071e4c294dfea3",
          "version": "2.4.0"
        }
      },
      {
        "package": "Kitura-TemplateEngine",
        "repositoryURL": "https://github.com/IBM-Swift/Kitura-TemplateEngine.git",
        "state": {
          "branch": null,
          "revision": "d62d74bca48c6fb76f9fc1f48eeb2d7af415e80b",
          "version": "2.0.1"
        }
      },
      {
        "package": "KituraContracts",
        "repositoryURL": "https://github.com/IBM-Swift/KituraContracts.git",
        "state": {
          "branch": null,
          "revision": "a30e2fb79e926672776a05ec6b919c239870a221",
          "version": "1.2.1"
        }
      },
      {
        "package": "LoggerAPI",
        "repositoryURL": "https://github.com/IBM-Swift/LoggerAPI.git",
        "state": {
          "branch": null,
          "revision": "3357dd9526cdf9436fa63bb792b669e6efdc43da",
          "version": "1.9.0"
        }
      },
      {
        "package": "llbuild",
        "repositoryURL": "https://github.com/apple/swift-llbuild.git",
        "state": {
          "branch": null,
          "revision": "f73b84bc1525998e5e267f9d830c1411487ac65e",
          "version": "0.2.0"
        }
      },
      {
        "package": "swift-log",
        "repositoryURL": "https://github.com/apple/swift-log.git",
        "state": {
          "branch": null,
          "revision": "74d7b91ceebc85daf387ebb206003f78813f71aa",
          "version": "1.2.0"
        }
      },
      {
        "package": "SwiftPM",
        "repositoryURL": "https://github.com/apple/swift-package-manager.git",
        "state": {
          "branch": null,
          "revision": "9abcc2260438177cecd7cf5185b144d13e74122b",
          "version": "0.5.0"
        }
      },
      {
        "package": "TypeDecoder",
        "repositoryURL": "https://github.com/IBM-Swift/TypeDecoder.git",
        "state": {
          "branch": null,
          "revision": "a5978582981f7151594bdaf5fe0d3cd9b1d2d0c0",
          "version": "1.3.4"
        }
      }
    ]
  },
  "version": 1
}
